
Microsoft Visual Studio Solution File, Format Version 12.00
# Visual Studio Version 16
VisualStudioVersion = 16.0.32228.343
MinimumVisualStudioVersion = 10.0.40219.1
Project("{9A19103F-16F7-4668-BE54-9A1E7A4F7556}") = "KampIntro", "KampIntro\KampIntro.csproj", "{59E73178-4B6F-4FA2-A1E1-C71FA06A1249}"
EndProject
Project("{9A19103F-16F7-4668-BE54-9A1E7A4F7556}") = "Donguler", "Donguler\Donguler.csproj", "{B1902136-07C9-4CD2-B920-995BBC472CA3}"
EndProject
Project("{9A19103F-16F7-4668-BE54-9A1E7A4F7556}") = "ClassIntro", "ClassIntro\ClassIntro.csproj", "{EAC601F9-5B0B-4BFB-AB10-93E181937C68}"
EndProject
Project("{9A19103F-16F7-4668-BE54-9A1E7A4F7556}") = "VeriTipleri", "VeriTipleri\VeriTipleri.csproj", "{33FDB03F-0453-4C4A-A8A2-9E8054B5C9E8}"
EndProject
Project("{9A19103F-16F7-4668-BE54-9A1E7A4F7556}") = "TernaryIf", "TernaryIf\TernaryIf.csproj", "{58232D33-CDFD-459D-A8A8-123EAFD84242}"
EndProject
Project("{9A19103F-16F7-4668-BE54-9A1E7A4F7556}") = "WhileDongusu", "WhileDongusu\WhileDongusu.csproj", "{ED19821C-7097-4F7F-8CFC-7BEA04DB3379}"
EndProject
Project("{9A19103F-16F7-4668-BE54-9A1E7A4F7556}") = "Metotlar", "Metotlar\Metotlar.csproj", "{2F3153FA-BA6B-49ED-872C-64920A7C1A77}"
EndProject
Project("{9A19103F-16F7-4668-BE54-9A1E7A4F7556}") = "Matematik", "Matematik\Matematik.csproj", "{DF83C470-6B78-4A3D-81ED-3D45517F5C9E}"
EndProject
Project("{9A19103F-16F7-4668-BE54-9A1E7A4F7556}") = "DegerVeReferansTipler", "DegerVeReferansTipler\DegerVeReferansTipler.csproj", "{49D6AA2D-1466-4414-891D-093F890DFC16}"
EndProject
Project("{9A19103F-16F7-4668-BE54-9A1E7A4F7556}") = "TypesAndVariables", "TypesAndVariables\TypesAndVariables.csproj", "{E215CD2F-48BB-49DB-AFB5-C0187F035477}"
EndProject
Project("{9A19103F-16F7-4668-BE54-9A1E7A4F7556}") = "Conditionals", "Conditionals\Conditionals.csproj", "{D1F465B0-EDBA-4811-BC50-9CC0D9149F58}"
EndProject
Project("{9A19103F-16F7-4668-BE54-9A1E7A4F7556}") = "Params", "Params\Params.csproj", "{9BEF1256-7DDE-443A-950D-AC919729A2E8}"
EndProject
Project("{9A19103F-16F7-4668-BE54-9A1E7A4F7556}") = "Arrays", "Arrays\Arrays.csproj", "{6300568E-4EFD-4B39-9D70-97F4F5B490DF}"
EndProject
Project("{9A19103F-16F7-4668-BE54-9A1E7A4F7556}") = "OOP1", "OOP1\OOP1.csproj", "{0B892089-04ED-41DC-925D-FC848EACEE5D}"
EndProject
Project("{9A19103F-16F7-4668-BE54-9A1E7A4F7556}") = "Collections", "Collections\Collections.csproj", "{4E0FEA8B-43F3-4E79-99D4-BC3E5B1EBF7B}"
EndProject
Project("{9A19103F-16F7-4668-BE54-9A1E7A4F7556}") = "GenericsIntro", "GenericsIntro\GenericsIntro.csproj", "{7D5D2C26-9566-416A-931A-8B1EDE501A05}"
EndProject
Project("{9A19103F-16F7-4668-BE54-9A1E7A4F7556}") = "ReferenceTypes", "ReferenceTypes\ReferenceTypes.csproj", "{5D770564-08A9-4DDB-BE50-FBB66121DDA7}"
EndProject
Project("{9A19103F-16F7-4668-BE54-9A1E7A4F7556}") = "Constructors", "Constructors\Constructors.csproj", "{A157BCAD-3C85-4022-B86F-38C82C5EAB34}"
EndProject
Project("{9A19103F-16F7-4668-BE54-9A1E7A4F7556}") = "Generics", "Generics\Generics.csproj", "{DE8CBC04-E5B2-439A-97F7-33F898EEA4F3}"
EndProject
Project("{9A19103F-16F7-4668-BE54-9A1E7A4F7556}") = "Dictionary", "Dictionary\Dictionary.csproj", "{103A65E1-45AC-4C88-8D1C-EC8A0EA20057}"
EndProject
Project("{9A19103F-16F7-4668-BE54-9A1E7A4F7556}") = "MyDictionary", "MyDictionary\MyDictionary.csproj", "{A23169BB-8E2E-41AF-A96A-1754CA4886E9}"
EndProject
Project("{9A19103F-16F7-4668-BE54-9A1E7A4F7556}") = "OOP2", "OOP2\OOP2.csproj", "{13747D44-A1A4-4465-8000-1D1720571D6E}"
EndProject
Project("{9A19103F-16F7-4668-BE54-9A1E7A4F7556}") = "OOP3", "OOP3\OOP3.csproj", "{FAA78978-1379-49C4-AD2F-2850ACBAFF73}"
EndProject
Project("{FAE04EC0-301F-11D3-BF4B-00C04F79EFBC}") = "RecapDemo", "RecapDemo\RecapDemo.csproj", "{64DF2B79-00FC-4729-AB06-6199BFA32D0D}"
EndProject
Project("{9A19103F-16F7-4668-BE54-9A1E7A4F7556}") = "InterfaceGiris", "InterfaceGiris\InterfaceGiris.csproj", "{F24437D9-2DE6-4482-8EE3-02100FA33AE0}"
EndProject
Project("{9A19103F-16F7-4668-BE54-9A1E7A4F7556}") = "InterfacelerinDogruPlanlanmasi", "InterfacesDemo\InterfacelerinDogruPlanlanmasi.csproj", "{ECE05BD3-30ED-4251-B726-A524609A6F1A}"
EndProject
Project("{9A19103F-16F7-4668-BE54-9A1E7A4F7556}") = "Inheritance", "Inheritance\Inheritance.csproj", "{32E72CD6-62D7-4D46-A971-CF31C6C29061}"
EndProject
Project("{FAE04EC0-301F-11D3-BF4B-00C04F79EFBC}") = "AbstractGiris", "AbstractGiris\AbstractGiris.csproj", "{F1CCA603-70AB-4867-8092-3D96FDEC7013}"
EndProject
Project("{9A19103F-16F7-4668-BE54-9A1E7A4F7556}") = "InterfaceAbstractDemo", "InterfaceAbstractDemo\InterfaceAbstractDemo.csproj", "{2EFBA235-114B-4F1A-81B5-44F2456C2735}"
EndProject
Project("{FAE04EC0-301F-11D3-BF4B-00C04F79EFBC}") = "GameSimulation", "GameSimulation\GameSimulation.csproj", "{2560AA39-4714-4710-BD3E-7C22DA072FF0}"
EndProject
Project("{9A19103F-16F7-4668-BE54-9A1E7A4F7556}") = "LINQ", "LINQ\LINQ.csproj", "{0339916D-4BE5-4C50-93FD-527AA8ACAD0D}"
EndProject
Project("{9A19103F-16F7-4668-BE54-9A1E7A4F7556}") = "TemelLinqSorgulari", "TemelLinqSorgulari\TemelLinqSorgulari.csproj", "{F0B642FA-0DFE-4A9D-83B0-8E9020A1B974}"
EndProject
Project("{9A19103F-16F7-4668-BE54-9A1E7A4F7556}") = "EntityFrameworkDemo", "EntityFrameworkDemo\EntityFrameworkDemo.csproj", "{DD7E4B76-400A-498E-9B83-B7BB778F8BA8}"
EndProject
Project("{9A19103F-16F7-4668-BE54-9A1E7A4F7556}") = "Exceptions", "Exceptions\Exceptions.csproj", "{13B45203-5D83-43FB-8951-45868B13FBEB}"
EndProject
Project("{9A19103F-16F7-4668-BE54-9A1E7A4F7556}") = "Attributes", "Attributes\Attributes.csproj", "{0790AD60-4767-4904-BDC1-8B12E2EC5851}"
EndProject
Project("{9A19103F-16F7-4668-BE54-9A1E7A4F7556}") = "Reflection", "Reflection\Reflection.csproj", "{BB23440B-1EB5-4046-A6AB-4A6A496DCC78}"
EndProject
Project("{9A19103F-16F7-4668-BE54-9A1E7A4F7556}") = "Delegates", "Delegates\Delegates.csproj", "{F75A0ABD-A7A8-43B5-92DF-88353CA9CE05}"
EndProject
Project("{9A19103F-16F7-4668-BE54-9A1E7A4F7556}") = "Actions", "Actions\Actions.csproj", "{035D3E42-5641-4216-851E-441F06FDA00D}"
EndProject
Project("{9A19103F-16F7-4668-BE54-9A1E7A4F7556}") = "EventDemo", "EventDemo\EventDemo.csproj", "{168DCB74-AFB9-4C97-9E7C-2819461B835B}"
EndProject
Project("{9A19103F-16F7-4668-BE54-9A1E7A4F7556}") = "AOPDemo", "AOPDemo\AOPDemo.csproj", "{2FCCA737-F22C-4657-AF09-EB4ECEB80879}"
EndProject
Global
	GlobalSection(SolutionConfigurationPlatforms) = preSolution
		Debug|Any CPU = Debug|Any CPU
		Release|Any CPU = Release|Any CPU
	EndGlobalSection
	GlobalSection(ProjectConfigurationPlatforms) = postSolution
		{59E73178-4B6F-4FA2-A1E1-C71FA06A1249}.Debug|Any CPU.ActiveCfg = Debug|Any CPU
		{59E73178-4B6F-4FA2-A1E1-C71FA06A1249}.Debug|Any CPU.Build.0 = Debug|Any CPU
		{59E73178-4B6F-4FA2-A1E1-C71FA06A1249}.Release|Any CPU.ActiveCfg = Release|Any CPU
		{59E73178-4B6F-4FA2-A1E1-C71FA06A1249}.Release|Any CPU.Build.0 = Release|Any CPU
		{B1902136-07C9-4CD2-B920-995BBC472CA3}.Debug|Any CPU.ActiveCfg = Debug|Any CPU
		{B1902136-07C9-4CD2-B920-995BBC472CA3}.Debug|Any CPU.Build.0 = Debug|Any CPU
		{B1902136-07C9-4CD2-B920-995BBC472CA3}.Release|Any CPU.ActiveCfg = Release|Any CPU
		{B1902136-07C9-4CD2-B920-995BBC472CA3}.Release|Any CPU.Build.0 = Release|Any CPU
		{EAC601F9-5B0B-4BFB-AB10-93E181937C68}.Debug|Any CPU.ActiveCfg = Debug|Any CPU
		{EAC601F9-5B0B-4BFB-AB10-93E181937C68}.Debug|Any CPU.Build.0 = Debug|Any CPU
		{EAC601F9-5B0B-4BFB-AB10-93E181937C68}.Release|Any CPU.ActiveCfg = Release|Any CPU
		{EAC601F9-5B0B-4BFB-AB10-93E181937C68}.Release|Any CPU.Build.0 = Release|Any CPU
		{33FDB03F-0453-4C4A-A8A2-9E8054B5C9E8}.Debug|Any CPU.ActiveCfg = Debug|Any CPU
		{33FDB03F-0453-4C4A-A8A2-9E8054B5C9E8}.Debug|Any CPU.Build.0 = Debug|Any CPU
		{33FDB03F-0453-4C4A-A8A2-9E8054B5C9E8}.Release|Any CPU.ActiveCfg = Release|Any CPU
		{33FDB03F-0453-4C4A-A8A2-9E8054B5C9E8}.Release|Any CPU.Build.0 = Release|Any CPU
		{58232D33-CDFD-459D-A8A8-123EAFD84242}.Debug|Any CPU.ActiveCfg = Debug|Any CPU
		{58232D33-CDFD-459D-A8A8-123EAFD84242}.Debug|Any CPU.Build.0 = Debug|Any CPU
		{58232D33-CDFD-459D-A8A8-123EAFD84242}.Release|Any CPU.ActiveCfg = Release|Any CPU
		{58232D33-CDFD-459D-A8A8-123EAFD84242}.Release|Any CPU.Build.0 = Release|Any CPU
		{ED19821C-7097-4F7F-8CFC-7BEA04DB3379}.Debug|Any CPU.ActiveCfg = Debug|Any CPU
		{ED19821C-7097-4F7F-8CFC-7BEA04DB3379}.Debug|Any CPU.Build.0 = Debug|Any CPU
		{ED19821C-7097-4F7F-8CFC-7BEA04DB3379}.Release|Any CPU.ActiveCfg = Release|Any CPU
		{ED19821C-7097-4F7F-8CFC-7BEA04DB3379}.Release|Any CPU.Build.0 = Release|Any CPU
		{2F3153FA-BA6B-49ED-872C-64920A7C1A77}.Debug|Any CPU.ActiveCfg = Debug|Any CPU
		{2F3153FA-BA6B-49ED-872C-64920A7C1A77}.Debug|Any CPU.Build.0 = Debug|Any CPU
		{2F3153FA-BA6B-49ED-872C-64920A7C1A77}.Release|Any CPU.ActiveCfg = Release|Any CPU
		{2F3153FA-BA6B-49ED-872C-64920A7C1A77}.Release|Any CPU.Build.0 = Release|Any CPU
		{DF83C470-6B78-4A3D-81ED-3D45517F5C9E}.Debug|Any CPU.ActiveCfg = Debug|Any CPU
		{DF83C470-6B78-4A3D-81ED-3D45517F5C9E}.Debug|Any CPU.Build.0 = Debug|Any CPU
		{DF83C470-6B78-4A3D-81ED-3D45517F5C9E}.Release|Any CPU.ActiveCfg = Release|Any CPU
		{DF83C470-6B78-4A3D-81ED-3D45517F5C9E}.Release|Any CPU.Build.0 = Release|Any CPU
		{49D6AA2D-1466-4414-891D-093F890DFC16}.Debug|Any CPU.ActiveCfg = Debug|Any CPU
		{49D6AA2D-1466-4414-891D-093F890DFC16}.Debug|Any CPU.Build.0 = Debug|Any CPU
		{49D6AA2D-1466-4414-891D-093F890DFC16}.Release|Any CPU.ActiveCfg = Release|Any CPU
		{49D6AA2D-1466-4414-891D-093F890DFC16}.Release|Any CPU.Build.0 = Release|Any CPU
		{E215CD2F-48BB-49DB-AFB5-C0187F035477}.Debug|Any CPU.ActiveCfg = Debug|Any CPU
		{E215CD2F-48BB-49DB-AFB5-C0187F035477}.Debug|Any CPU.Build.0 = Debug|Any CPU
		{E215CD2F-48BB-49DB-AFB5-C0187F035477}.Release|Any CPU.ActiveCfg = Release|Any CPU
		{E215CD2F-48BB-49DB-AFB5-C0187F035477}.Release|Any CPU.Build.0 = Release|Any CPU
		{D1F465B0-EDBA-4811-BC50-9CC0D9149F58}.Debug|Any CPU.ActiveCfg = Debug|Any CPU
		{D1F465B0-EDBA-4811-BC50-9CC0D9149F58}.Debug|Any CPU.Build.0 = Debug|Any CPU
		{D1F465B0-EDBA-4811-BC50-9CC0D9149F58}.Release|Any CPU.ActiveCfg = Release|Any CPU
		{D1F465B0-EDBA-4811-BC50-9CC0D9149F58}.Release|Any CPU.Build.0 = Release|Any CPU
		{9BEF1256-7DDE-443A-950D-AC919729A2E8}.Debug|Any CPU.ActiveCfg = Debug|Any CPU
		{9BEF1256-7DDE-443A-950D-AC919729A2E8}.Debug|Any CPU.Build.0 = Debug|Any CPU
		{9BEF1256-7DDE-443A-950D-AC919729A2E8}.Release|Any CPU.ActiveCfg = Release|Any CPU
		{9BEF1256-7DDE-443A-950D-AC919729A2E8}.Release|Any CPU.Build.0 = Release|Any CPU
		{6300568E-4EFD-4B39-9D70-97F4F5B490DF}.Debug|Any CPU.ActiveCfg = Debug|Any CPU
		{6300568E-4EFD-4B39-9D70-97F4F5B490DF}.Debug|Any CPU.Build.0 = Debug|Any CPU
		{6300568E-4EFD-4B39-9D70-97F4F5B490DF}.Release|Any CPU.ActiveCfg = Release|Any CPU
		{6300568E-4EFD-4B39-9D70-97F4F5B490DF}.Release|Any CPU.Build.0 = Release|Any CPU
		{0B892089-04ED-41DC-925D-FC848EACEE5D}.Debug|Any CPU.ActiveCfg = Debug|Any CPU
		{0B892089-04ED-41DC-925D-FC848EACEE5D}.Debug|Any CPU.Build.0 = Debug|Any CPU
		{0B892089-04ED-41DC-925D-FC848EACEE5D}.Release|Any CPU.ActiveCfg = Release|Any CPU
		{0B892089-04ED-41DC-925D-FC848EACEE5D}.Release|Any CPU.Build.0 = Release|Any CPU
		{4E0FEA8B-43F3-4E79-99D4-BC3E5B1EBF7B}.Debug|Any CPU.ActiveCfg = Debug|Any CPU
		{4E0FEA8B-43F3-4E79-99D4-BC3E5B1EBF7B}.Debug|Any CPU.Build.0 = Debug|Any CPU
		{4E0FEA8B-43F3-4E79-99D4-BC3E5B1EBF7B}.Release|Any CPU.ActiveCfg = Release|Any CPU
		{4E0FEA8B-43F3-4E79-99D4-BC3E5B1EBF7B}.Release|Any CPU.Build.0 = Release|Any CPU
		{7D5D2C26-9566-416A-931A-8B1EDE501A05}.Debug|Any CPU.ActiveCfg = Debug|Any CPU
		{7D5D2C26-9566-416A-931A-8B1EDE501A05}.Debug|Any CPU.Build.0 = Debug|Any CPU
		{7D5D2C26-9566-416A-931A-8B1EDE501A05}.Release|Any CPU.ActiveCfg = Release|Any CPU
		{7D5D2C26-9566-416A-931A-8B1EDE501A05}.Release|Any CPU.Build.0 = Release|Any CPU
		{5D770564-08A9-4DDB-BE50-FBB66121DDA7}.Debug|Any CPU.ActiveCfg = Debug|Any CPU
		{5D770564-08A9-4DDB-BE50-FBB66121DDA7}.Debug|Any CPU.Build.0 = Debug|Any CPU
		{5D770564-08A9-4DDB-BE50-FBB66121DDA7}.Release|Any CPU.ActiveCfg = Release|Any CPU
		{5D770564-08A9-4DDB-BE50-FBB66121DDA7}.Release|Any CPU.Build.0 = Release|Any CPU
		{A157BCAD-3C85-4022-B86F-38C82C5EAB34}.Debug|Any CPU.ActiveCfg = Debug|Any CPU
		{A157BCAD-3C85-4022-B86F-38C82C5EAB34}.Debug|Any CPU.Build.0 = Debug|Any CPU
		{A157BCAD-3C85-4022-B86F-38C82C5EAB34}.Release|Any CPU.ActiveCfg = Release|Any CPU
		{A157BCAD-3C85-4022-B86F-38C82C5EAB34}.Release|Any CPU.Build.0 = Release|Any CPU
		{DE8CBC04-E5B2-439A-97F7-33F898EEA4F3}.Debug|Any CPU.ActiveCfg = Debug|Any CPU
		{DE8CBC04-E5B2-439A-97F7-33F898EEA4F3}.Debug|Any CPU.Build.0 = Debug|Any CPU
		{DE8CBC04-E5B2-439A-97F7-33F898EEA4F3}.Release|Any CPU.ActiveCfg = Release|Any CPU
		{DE8CBC04-E5B2-439A-97F7-33F898EEA4F3}.Release|Any CPU.Build.0 = Release|Any CPU
		{103A65E1-45AC-4C88-8D1C-EC8A0EA20057}.Debug|Any CPU.ActiveCfg = Debug|Any CPU
		{103A65E1-45AC-4C88-8D1C-EC8A0EA20057}.Debug|Any CPU.Build.0 = Debug|Any CPU
		{103A65E1-45AC-4C88-8D1C-EC8A0EA20057}.Release|Any CPU.ActiveCfg = Release|Any CPU
		{103A65E1-45AC-4C88-8D1C-EC8A0EA20057}.Release|Any CPU.Build.0 = Release|Any CPU
		{A23169BB-8E2E-41AF-A96A-1754CA4886E9}.Debug|Any CPU.ActiveCfg = Debug|Any CPU
		{A23169BB-8E2E-41AF-A96A-1754CA4886E9}.Debug|Any CPU.Build.0 = Debug|Any CPU
		{A23169BB-8E2E-41AF-A96A-1754CA4886E9}.Release|Any CPU.ActiveCfg = Release|Any CPU
		{A23169BB-8E2E-41AF-A96A-1754CA4886E9}.Release|Any CPU.Build.0 = Release|Any CPU
		{13747D44-A1A4-4465-8000-1D1720571D6E}.Debug|Any CPU.ActiveCfg = Debug|Any CPU
		{13747D44-A1A4-4465-8000-1D1720571D6E}.Debug|Any CPU.Build.0 = Debug|Any CPU
		{13747D44-A1A4-4465-8000-1D1720571D6E}.Release|Any CPU.ActiveCfg = Release|Any CPU
		{13747D44-A1A4-4465-8000-1D1720571D6E}.Release|Any CPU.Build.0 = Release|Any CPU
		{FAA78978-1379-49C4-AD2F-2850ACBAFF73}.Debug|Any CPU.ActiveCfg = Debug|Any CPU
		{FAA78978-1379-49C4-AD2F-2850ACBAFF73}.Debug|Any CPU.Build.0 = Debug|Any CPU
		{FAA78978-1379-49C4-AD2F-2850ACBAFF73}.Release|Any CPU.ActiveCfg = Release|Any CPU
		{FAA78978-1379-49C4-AD2F-2850ACBAFF73}.Release|Any CPU.Build.0 = Release|Any CPU
		{64DF2B79-00FC-4729-AB06-6199BFA32D0D}.Debug|Any CPU.ActiveCfg = Debug|Any CPU
		{64DF2B79-00FC-4729-AB06-6199BFA32D0D}.Debug|Any CPU.Build.0 = Debug|Any CPU
		{64DF2B79-00FC-4729-AB06-6199BFA32D0D}.Release|Any CPU.ActiveCfg = Release|Any CPU
		{64DF2B79-00FC-4729-AB06-6199BFA32D0D}.Release|Any CPU.Build.0 = Release|Any CPU
		{F24437D9-2DE6-4482-8EE3-02100FA33AE0}.Debug|Any CPU.ActiveCfg = Debug|Any CPU
		{F24437D9-2DE6-4482-8EE3-02100FA33AE0}.Debug|Any CPU.Build.0 = Debug|Any CPU
		{F24437D9-2DE6-4482-8EE3-02100FA33AE0}.Release|Any CPU.ActiveCfg = Release|Any CPU
		{F24437D9-2DE6-4482-8EE3-02100FA33AE0}.Release|Any CPU.Build.0 = Release|Any CPU
		{ECE05BD3-30ED-4251-B726-A524609A6F1A}.Debug|Any CPU.ActiveCfg = Debug|Any CPU
		{ECE05BD3-30ED-4251-B726-A524609A6F1A}.Debug|Any CPU.Build.0 = Debug|Any CPU
		{ECE05BD3-30ED-4251-B726-A524609A6F1A}.Release|Any CPU.ActiveCfg = Release|Any CPU
		{ECE05BD3-30ED-4251-B726-A524609A6F1A}.Release|Any CPU.Build.0 = Release|Any CPU
		{32E72CD6-62D7-4D46-A971-CF31C6C29061}.Debug|Any CPU.ActiveCfg = Debug|Any CPU
		{32E72CD6-62D7-4D46-A971-CF31C6C29061}.Debug|Any CPU.Build.0 = Debug|Any CPU
		{32E72CD6-62D7-4D46-A971-CF31C6C29061}.Release|Any CPU.ActiveCfg = Release|Any CPU
		{32E72CD6-62D7-4D46-A971-CF31C6C29061}.Release|Any CPU.Build.0 = Release|Any CPU
		{F1CCA603-70AB-4867-8092-3D96FDEC7013}.Debug|Any CPU.ActiveCfg = Debug|Any CPU
		{F1CCA603-70AB-4867-8092-3D96FDEC7013}.Debug|Any CPU.Build.0 = Debug|Any CPU
		{F1CCA603-70AB-4867-8092-3D96FDEC7013}.Release|Any CPU.ActiveCfg = Release|Any CPU
		{F1CCA603-70AB-4867-8092-3D96FDEC7013}.Release|Any CPU.Build.0 = Release|Any CPU
		{2EFBA235-114B-4F1A-81B5-44F2456C2735}.Debug|Any CPU.ActiveCfg = Debug|Any CPU
		{2EFBA235-114B-4F1A-81B5-44F2456C2735}.Debug|Any CPU.Build.0 = Debug|Any CPU
		{2EFBA235-114B-4F1A-81B5-44F2456C2735}.Release|Any CPU.ActiveCfg = Release|Any CPU
		{2EFBA235-114B-4F1A-81B5-44F2456C2735}.Release|Any CPU.Build.0 = Release|Any CPU
		{2560AA39-4714-4710-BD3E-7C22DA072FF0}.Debug|Any CPU.ActiveCfg = Debug|Any CPU
		{2560AA39-4714-4710-BD3E-7C22DA072FF0}.Debug|Any CPU.Build.0 = Debug|Any CPU
		{2560AA39-4714-4710-BD3E-7C22DA072FF0}.Release|Any CPU.ActiveCfg = Release|Any CPU
		{2560AA39-4714-4710-BD3E-7C22DA072FF0}.Release|Any CPU.Build.0 = Release|Any CPU
		{0339916D-4BE5-4C50-93FD-527AA8ACAD0D}.Debug|Any CPU.ActiveCfg = Debug|Any CPU
		{0339916D-4BE5-4C50-93FD-527AA8ACAD0D}.Debug|Any CPU.Build.0 = Debug|Any CPU
		{0339916D-4BE5-4C50-93FD-527AA8ACAD0D}.Release|Any CPU.ActiveCfg = Release|Any CPU
		{0339916D-4BE5-4C50-93FD-527AA8ACAD0D}.Release|Any CPU.Build.0 = Release|Any CPU
		{F0B642FA-0DFE-4A9D-83B0-8E9020A1B974}.Debug|Any CPU.ActiveCfg = Debug|Any CPU
		{F0B642FA-0DFE-4A9D-83B0-8E9020A1B974}.Debug|Any CPU.Build.0 = Debug|Any CPU
		{F0B642FA-0DFE-4A9D-83B0-8E9020A1B974}.Release|Any CPU.ActiveCfg = Release|Any CPU
		{F0B642FA-0DFE-4A9D-83B0-8E9020A1B974}.Release|Any CPU.Build.0 = Release|Any CPU
		{DD7E4B76-400A-498E-9B83-B7BB778F8BA8}.Debug|Any CPU.ActiveCfg = Debug|Any CPU
		{DD7E4B76-400A-498E-9B83-B7BB778F8BA8}.Debug|Any CPU.Build.0 = Debug|Any CPU
		{DD7E4B76-400A-498E-9B83-B7BB778F8BA8}.Release|Any CPU.ActiveCfg = Release|Any CPU
		{DD7E4B76-400A-498E-9B83-B7BB778F8BA8}.Release|Any CPU.Build.0 = Release|Any CPU
		{13B45203-5D83-43FB-8951-45868B13FBEB}.Debug|Any CPU.ActiveCfg = Debug|Any CPU
		{13B45203-5D83-43FB-8951-45868B13FBEB}.Debug|Any CPU.Build.0 = Debug|Any CPU
		{13B45203-5D83-43FB-8951-45868B13FBEB}.Release|Any CPU.ActiveCfg = Release|Any CPU
		{13B45203-5D83-43FB-8951-45868B13FBEB}.Release|Any CPU.Build.0 = Release|Any CPU
		{0790AD60-4767-4904-BDC1-8B12E2EC5851}.Debug|Any CPU.ActiveCfg = Debug|Any CPU
		{0790AD60-4767-4904-BDC1-8B12E2EC5851}.Debug|Any CPU.Build.0 = Debug|Any CPU
		{0790AD60-4767-4904-BDC1-8B12E2EC5851}.Release|Any CPU.ActiveCfg = Release|Any CPU
		{0790AD60-4767-4904-BDC1-8B12E2EC5851}.Release|Any CPU.Build.0 = Release|Any CPU
		{BB23440B-1EB5-4046-A6AB-4A6A496DCC78}.Debug|Any CPU.ActiveCfg = Debug|Any CPU
		{BB23440B-1EB5-4046-A6AB-4A6A496DCC78}.Debug|Any CPU.Build.0 = Debug|Any CPU
		{BB23440B-1EB5-4046-A6AB-4A6A496DCC78}.Release|Any CPU.ActiveCfg = Release|Any CPU
		{BB23440B-1EB5-4046-A6AB-4A6A496DCC78}.Release|Any CPU.Build.0 = Release|Any CPU
		{F75A0ABD-A7A8-43B5-92DF-88353CA9CE05}.Debug|Any CPU.ActiveCfg = Debug|Any CPU
		{F75A0ABD-A7A8-43B5-92DF-88353CA9CE05}.Debug|Any CPU.Build.0 = Debug|Any CPU
		{F75A0ABD-A7A8-43B5-92DF-88353CA9CE05}.Release|Any CPU.ActiveCfg = Release|Any CPU
		{F75A0ABD-A7A8-43B5-92DF-88353CA9CE05}.Release|Any CPU.Build.0 = Release|Any CPU
		{035D3E42-5641-4216-851E-441F06FDA00D}.Debug|Any CPU.ActiveCfg = Debug|Any CPU
		{035D3E42-5641-4216-851E-441F06FDA00D}.Debug|Any CPU.Build.0 = Debug|Any CPU
		{035D3E42-5641-4216-851E-441F06FDA00D}.Release|Any CPU.ActiveCfg = Release|Any CPU
		{035D3E42-5641-4216-851E-441F06FDA00D}.Release|Any CPU.Build.0 = Release|Any CPU
		{168DCB74-AFB9-4C97-9E7C-2819461B835B}.Debug|Any CPU.ActiveCfg = Debug|Any CPU
		{168DCB74-AFB9-4C97-9E7C-2819461B835B}.Debug|Any CPU.Build.0 = Debug|Any CPU
		{168DCB74-AFB9-4C97-9E7C-2819461B835B}.Release|Any CPU.ActiveCfg = Release|Any CPU
		{168DCB74-AFB9-4C97-9E7C-2819461B835B}.Release|Any CPU.Build.0 = Release|Any CPU
		{2FCCA737-F22C-4657-AF09-EB4ECEB80879}.Debug|Any CPU.ActiveCfg = Debug|Any CPU
		{2FCCA737-F22C-4657-AF09-EB4ECEB80879}.Debug|Any CPU.Build.0 = Debug|Any CPU
		{2FCCA737-F22C-4657-AF09-EB4ECEB80879}.Release|Any CPU.ActiveCfg = Release|Any CPU
		{2FCCA737-F22C-4657-AF09-EB4ECEB80879}.Release|Any CPU.Build.0 = Release|Any CPU
	EndGlobalSection
	GlobalSection(SolutionProperties) = preSolution
		HideSolutionNode = FALSE
	EndGlobalSection
	GlobalSection(ExtensibilityGlobals) = postSolution
		SolutionGuid = {A9308D7A-AC80-4C2D-B2FF-76C9E6544D2B}
	EndGlobalSection
EndGlobal
